
Microsoft Visual Studio Solution File, Format Version 12.00
# Visual Studio Version 17
VisualStudioVersion = 17.10.35122.118
MinimumVisualStudioVersion = 10.0.40219.1
Project("{FAE04EC0-301F-11D3-BF4B-00C04F79EFBC}") = "CriandoHashTable", "CriandoHashTable.csproj", "{7C935581-F323-48C4-B49D-EFF4C261EE04}"
EndProject
Global
	GlobalSection(SolutionConfigurationPlatforms) = preSolution
		Debug|Any CPU = Debug|Any CPU
		Release|Any CPU = Release|Any CPU
	EndGlobalSection
	GlobalSection(ProjectConfigurationPlatforms) = postSolution
		{7C935581-F323-48C4-B49D-EFF4C261EE04}.Debug|Any CPU.ActiveCfg = Debug|Any CPU
		{7C935581-F323-48C4-B49D-EFF4C261EE04}.Debug|Any CPU.Build.0 = Debug|Any CPU
		{7C935581-F323-48C4-B49D-EFF4C261EE04}.Release|Any CPU.ActiveCfg = Release|Any CPU
		{7C935581-F323-48C4-B49D-EFF4C261EE04}.Release|Any CPU.Build.0 = Release|Any CPU
	EndGlobalSection
	GlobalSection(SolutionProperties) = preSolution
		HideSolutionNode = FALSE
	EndGlobalSection
	GlobalSection(ExtensibilityGlobals) = postSolution
		SolutionGuid = {AFD4A172-369A-4F55-999F-897CDDCE3437}
	EndGlobalSection
EndGlobal
